// !$*UTF8*$!
{
	archiveVersion = 1;
	classes = {
	};
	objectVersion = 46;
	objects = {

/* Begin PBXBuildFile section */
		FFAD35731F1FF57100F060D2 /* main.m in Sources */ = {isa = PBXBuildFile; fileRef = FFAD35721F1FF57100F060D2 /* main.m */; };
		FFAD35761F1FF57100F060D2 /* AppDelegate.m in Sources */ = {isa = PBXBuildFile; fileRef = FFAD35751F1FF57100F060D2 /* AppDelegate.m */; };
		FFAD357C1F1FF57100F060D2 /* Main.storyboard in Resources */ = {isa = PBXBuildFile; fileRef = FFAD357A1F1FF57100F060D2 /* Main.storyboard */; };
		FFAD357F1F1FF57100F060D2 /* ToDo_CoreData.xcdatamodeld in Sources */ = {isa = PBXBuildFile; fileRef = FFAD357D1F1FF57100F060D2 /* ToDo_CoreData.xcdatamodeld */; };
		FFAD35811F1FF57100F060D2 /* Assets.xcassets in Resources */ = {isa = PBXBuildFile; fileRef = FFAD35801F1FF57100F060D2 /* Assets.xcassets */; };
		FFAD35841F1FF57100F060D2 /* LaunchScreen.storyboard in Resources */ = {isa = PBXBuildFile; fileRef = FFAD35821F1FF57100F060D2 /* LaunchScreen.storyboard */; };
		FFAD358D1F1FFBE100F060D2 /* TableViewController.m in Sources */ = {isa = PBXBuildFile; fileRef = FFAD358C1F1FFBE100F060D2 /* TableViewController.m */; };
/* End PBXBuildFile section */

/* Begin PBXFileReference section */
		FFAD356E1F1FF57100F060D2 /* ToDo CoreData.app */ = {isa = PBXFileReference; explicitFileType = wrapper.application; includeInIndex = 0; path = "ToDo CoreData.app"; sourceTree = BUILT_PRODUCTS_DIR; };
		FFAD35721F1FF57100F060D2 /* main.m */ = {isa = PBXFileReference; lastKnownFileType = sourcecode.c.objc; path = main.m; sourceTree = "<group>"; };
		FFAD35741F1FF57100F060D2 /* AppDelegate.h */ = {isa = PBXFileReference; lastKnownFileType = sourcecode.c.h; path = AppDelegate.h; sourceTree = "<group>"; };
		FFAD35751F1FF57100F060D2 /* AppDelegate.m */ = {isa = PBXFileReference; lastKnownFileType = sourcecode.c.objc; path = AppDelegate.m; sourceTree = "<group>"; };
		FFAD357B1F1FF57100F060D2 /* Base */ = {isa = PBXFileReference; lastKnownFileType = file.storyboard; name = Base; path = Base.lproj/Main.storyboard; sourceTree = "<group>"; };
		FFAD357E1F1FF57100F060D2 /* ToDo_CoreData.xcdatamodel */ = {isa = PBXFileReference; lastKnownFileType = wrapper.xcdatamodel; path = ToDo_CoreData.xcdatamodel; sourceTree = "<group>"; };
		FFAD35801F1FF57100F060D2 /* Assets.xcassets */ = {isa = PBXFileReference; lastKnownFileType = folder.assetcatalog; path = Assets.xcassets; sourceTree = "<group>"; };
		FFAD35831F1FF57100F060D2 /* Base */ = {isa = PBXFileReference; lastKnownFileType = file.storyboard; name = Base; path = Base.lproj/LaunchScreen.storyboard; sourceTree = "<group>"; };
		FFAD35851F1FF57100F060D2 /* Info.plist */ = {isa = PBXFileReference; lastKnownFileType = text.plist.xml; path = Info.plist; sourceTree = "<group>"; };
		FFAD358B1F1FFBE100F060D2 /* TableViewController.h */ = {isa = PBXFileReference; fileEncoding = 4; lastKnownFileType = sourcecode.c.h; name = TableViewController.h; path = ../TableViewController.h; sourceTree = "<group>"; };
		FFAD358C1F1FFBE100F060D2 /* TableViewController.m */ = {isa = PBXFileReference; fileEncoding = 4; lastKnownFileType = sourcecode.c.objc; name = TableViewController.m; path = ../TableViewController.m; sourceTree = "<group>"; };
/* End PBXFileReference section */

/* Begin PBXFrameworksBuildPhase section */
		FFAD356B1F1FF57100F060D2 /* Frameworks */ = {
			isa = PBXFrameworksBuildPhase;
			buildActionMask = 2147483647;
			files = (
			);
			runOnlyForDeploymentPostprocessing = 0;
		};
/* End PBXFrameworksBuildPhase section */

/* Begin PBXGroup section */
		FFAD35651F1FF57100F060D2 = {
			isa = PBXGroup;
			children = (
				FFAD35701F1FF57100F060D2 /* ToDo CoreData */,
				FFAD356F1F1FF57100F060D2 /* Products */,
			);
			sourceTree = "<group>";
		};
		FFAD356F1F1FF57100F060D2 /* Products */ = {
			isa = PBXGroup;
			children = (
				FFAD356E1F1FF57100F060D2 /* ToDo CoreData.app */,
			);
			name = Products;
			sourceTree = "<group>";
		};
		FFAD35701F1FF57100F060D2 /* ToDo CoreData */ = {
			isa = PBXGroup;
			children = (
				FFAD35741F1FF57100F060D2 /* AppDelegate.h */,
				FFAD35751F1FF57100F060D2 /* AppDelegate.m */,
				FFAD358B1F1FFBE100F060D2 /* TableViewController.h */,
				FFAD358C1F1FFBE100F060D2 /* TableViewController.m */,
				FFAD357A1F1FF57100F060D2 /* Main.storyboard */,
				FFAD35801F1FF57100F060D2 /* Assets.xcassets */,
				FFAD357D1F1FF57100F060D2 /* ToDo_CoreData.xcdatamodeld */,
				FFAD35711F1FF57100F060D2 /* Supporting Files */,
			);
			path = "ToDo CoreData";
			sourceTree = "<group>";
		};
		FFAD35711F1FF57100F060D2 /* Supporting Files */ = {
			isa = PBXGroup;
			children = (
				FFAD35821F1FF57100F060D2 /* LaunchScreen.storyboard */,
				FFAD35851F1FF57100F060D2 /* Info.plist */,
				FFAD35721F1FF57100F060D2 /* main.m */,
			);
			name = "Supporting Files";
			sourceTree = "<group>";
		};
/* End PBXGroup section */

/* Begin PBXNativeTarget section */
		FFAD356D1F1FF57100F060D2 /* ToDo CoreData */ = {
			isa = PBXNativeTarget;
			buildConfigurationList = FFAD35881F1FF57100F060D2 /* Build configuration list for PBXNativeTarget "ToDo CoreData" */;
			buildPhases = (
				FFAD356A1F1FF57100F060D2 /* Sources */,
				FFAD356B1F1FF57100F060D2 /* Frameworks */,
				FFAD356C1F1FF57100F060D2 /* Resources */,
			);
			buildRules = (
			);
			dependencies = (
			);
			name = "ToDo CoreData";
			productName = "ToDo CoreData";
			productReference = FFAD356E1F1FF57100F060D2 /* ToDo CoreData.app */;
			productType = "com.apple.product-type.application";
		};
/* End PBXNativeTarget section */

/* Begin PBXProject section */
		FFAD35661F1FF57100F060D2 /* Project object */ = {
			isa = PBXProject;
			attributes = {
				LastUpgradeCheck = 0830;
				ORGANIZATIONNAME = "Sav Inc.";
				TargetAttributes = {
					FFAD356D1F1FF57100F060D2 = {
						CreatedOnToolsVersion = 8.3.2;
						DevelopmentTeam = 76WZ7VC9P2;
						ProvisioningStyle = Automatic;
					};
				};
			};
			buildConfigurationList = FFAD35691F1FF57100F060D2 /* Build configuration list for PBXProject "ToDo CoreData" */;
			compatibilityVersion = "Xcode 3.2";
			developmentRegion = English;
			hasScannedForEncodings = 0;
			knownRegions = (
				en,
				Base,
			);
			mainGroup = FFAD35651F1FF57100F060D2;
			productRefGroup = FFAD356F1F1FF57100F060D2 /* Products */;
			projectDirPath = "";
			projectRoot = "";
			targets = (
				FFAD356D1F1FF57100F060D2 /* ToDo CoreData */,
			);
		};
/* End PBXProject section */

/* Begin PBXResourcesBuildPhase section */
		FFAD356C1F1FF57100F060D2 /* Resources */ = {
			isa = PBXResourcesBuildPhase;
			buildActionMask = 2147483647;
			files = (
				FFAD35841F1FF57100F060D2 /* LaunchScreen.storyboard in Resources */,
				FFAD35811F1FF57100F060D2 /* Assets.xcassets in Resources */,
				FFAD357C1F1FF57100F060D2 /* Main.storyboard in Resources */,
			);
			runOnlyForDeploymentPostprocessing = 0;
		};
/* End PBXResourcesBuildPhase section */

/* Begin PBXSourcesBuildPhase section */
		FFAD356A1F1FF57100F060D2 /* Sources */ = {
			isa = PBXSourcesBuildPhase;
			buildActionMask = 2147483647;
			files = (
				FFAD35761F1FF57100F060D2 /* AppDelegate.m in Sources */,
				FFAD357F1F1FF57100F060D2 /* ToDo_CoreData.xcdatamodeld in Sources */,
				FFAD35731F1FF57100F060D2 /* main.m in Sources */,
				FFAD358D1F1FFBE100F060D2 /* TableViewController.m in Sources */,
			);
			runOnlyForDeploymentPostprocessing = 0;
		};
/* End PBXSourcesBuildPhase section */

/* Begin PBXVariantGroup section */
		FFAD357A1F1FF57100F060D2 /* Main.storyboard */ = {
			isa = PBXVariantGroup;
			children = (
				FFAD357B1F1FF57100F060D2 /* Base */,
			);
			name = Main.storyboard;
			sourceTree = "<group>";
		};
		FFAD35821F1FF57100F060D2 /* LaunchScreen.storyboard */ = {
			isa = PBXVariantGroup;
			children = (
				FFAD35831F1FF57100F060D2 /* Base */,
			);
			name = LaunchScreen.storyboard;
			sourceTree = "<group>";
		};
/* End PBXVariantGroup section */

/* Begin XCBuildConfiguration section */
		FFAD35861F1FF57100F060D2 /* Debug */ = {
			isa = XCBuildConfiguration;
			buildSettings = {
				ALWAYS_SEARCH_USER_PATHS = NO;
				CLANG_ANALYZER_NONNULL = YES;
				CLANG_ANALYZER_NUMBER_OBJECT_CONVERSION = YES_AGGRESSIVE;
				CLANG_CXX_LANGUAGE_STANDARD = "gnu++0x";
				CLANG_CXX_LIBRARY = "libc++";
				CLANG_ENABLE_MODULES = YES;
				CLANG_ENABLE_OBJC_ARC = YES;
				CLANG_WARN_BOOL_CONVERSION = YES;
				CLANG_WARN_CONSTANT_CONVERSION = YES;
				CLANG_WARN_DIRECT_OBJC_ISA_USAGE = YES_ERROR;
				CLANG_WARN_DOCUMENTATION_COMMENTS = YES;
				CLANG_WARN_EMPTY_BODY = YES;
				CLANG_WARN_ENUM_CONVERSION = YES;
				CLANG_WARN_INFINITE_RECURSION = YES;
				CLANG_WARN_INT_CONVERSION = YES;
				CLANG_WARN_OBJC_ROOT_CLASS = YES_ERROR;
				CLANG_WARN_SUSPICIOUS_MOVE = YES;
				CLANG_WARN_UNREACHABLE_CODE = YES;
				CLANG_WARN__DUPLICATE_METHOD_MATCH = YES;
				"CODE_SIGN_IDENTITY[sdk=iphoneos*]" = "iPhone Developer";
				COPY_PHASE_STRIP = NO;
				DEBUG_INFORMATION_FORMAT = dwarf;
				ENABLE_STRICT_OBJC_MSGSEND = YES;
				ENABLE_TESTABILITY = YES;
				GCC_C_LANGUAGE_STANDARD = gnu99;
				GCC_DYNAMIC_NO_PIC = NO;
				GCC_NO_COMMON_BLOCKS = YES;
				GCC_OPTIMIZATION_LEVEL = 0;
				GCC_PREPROCESSOR_DEFINITIONS = (
					"DEBUG=1",
					"$(inherited)",
				);
				GCC_WARN_64_TO_32_BIT_CONVERSION = YES;
				GCC_WARN_ABOUT_RETURN_TYPE = YES_ERROR;
				GCC_WARN_UNDECLARED_SELECTOR = YES;
				GCC_WARN_UNINITIALIZED_AUTOS = YES_AGGRESSIVE;
				GCC_WARN_UNUSED_FUNCTION = YES;
				GCC_WARN_UNUSED_VARIABLE = YES;
				IPHONEOS_DEPLOYMENT_TARGET = 10.3;
				MTL_ENABLE_DEBUG_INFO = YES;
				ONLY_ACTIVE_ARCH = YES;
				SDKROOT = iphoneos;
				TARGETED_DEVICE_FAMILY = "1,2";
			};
			name = Debug;
		};
		FFAD35871F1FF57100F060D2 /* Release */ = {
			isa = XCBuildConfiguration;
			buildSettings = {
				ALWAYS_SEARCH_USER_PATHS = NO;
				CLANG_ANALYZER_NONNULL = YES;
				CLANG_ANALYZER_NUMBER_OBJECT_CONVERSION = YES_AGGRESSIVE;
				CLANG_CXX_LANGUAGE_STANDARD = "gnu++0x";
				CLANG_CXX_LIBRARY = "libc++";
				CLANG_ENABLE_MODULES = YES;
				CLANG_ENABLE_OBJC_ARC = YES;
				CLANG_WARN_BOOL_CONVERSION = YES;
				CLANG_WARN_CONSTANT_CONVERSION = YES;
				CLANG_WARN_DIRECT_OBJC_ISA_USAGE = YES_ERROR;
				CLANG_WARN_DOCUMENTATION_COMMENTS = YES;
				CLANG_WARN_EMPTY_BODY = YES;
				CLANG_WARN_ENUM_CONVERSION = YES;
				CLANG_WARN_INFINITE_RECURSION = YES;
				CLANG_WARN_INT_CONVERSION = YES;
				CLANG_WARN_OBJC_ROOT_CLASS = YES_ERROR;
				CLANG_WARN_SUSPICIOUS_MOVE = YES;
				CLANG_WARN_UNREACHABLE_CODE = YES;
				CLANG_WARN__DUPLICATE_METHOD_MATCH = YES;
				"CODE_SIGN_IDENTITY[sdk=iphoneos*]" = "iPhone Developer";
				COPY_PHASE_STRIP = NO;
				DEBUG_INFORMATION_FORMAT = "dwarf-with-dsym";
				ENABLE_NS_ASSERTIONS = NO;
				ENABLE_STRICT_OBJC_MSGSEND = YES;
				GCC_C_LANGUAGE_STANDARD = gnu99;
				GCC_NO_COMMON_BLOCKS = YES;
				GCC_WARN_64_TO_32_BIT_CONVERSION = YES;
				GCC_WARN_ABOUT_RETURN_TYPE = YES_ERROR;
				GCC_WARN_UNDECLARED_SELECTOR = YES;
				GCC_WARN_UNINITIALIZED_AUTOS = YES_AGGRESSIVE;
				GCC_WARN_UNUSED_FUNCTION = YES;
				GCC_WARN_UNUSED_VARIABLE = YES;
				IPHONEOS_DEPLOYMENT_TARGET = 10.3;
				MTL_ENABLE_DEBUG_INFO = NO;
				SDKROOT = iphoneos;
				TARGETED_DEVICE_FAMILY = "1,2";
				VALIDATE_PRODUCT = YES;
			};
			name = Release;
		};
		FFAD35891F1FF57100F060D2 /* Debug */ = {
			isa = XCBuildConfiguration;
			buildSettings = {
				ASSETCATALOG_COMPILER_APPICON_NAME = AppIcon;
				DEVELOPMENT_TEAM = 76WZ7VC9P2;
				INFOPLIST_FILE = "ToDo CoreData/Info.plist";
				LD_RUNPATH_SEARCH_PATHS = "$(inherited) @executable_path/Frameworks";
				PRODUCT_BUNDLE_IDENTIFIER = "Alex-Wymer.ToDo-CoreData";
				PRODUCT_NAME = "$(TARGET_NAME)";
			};
			name = Debug;
		};
		FFAD358A1F1FF57100F060D2 /* Release */ = {
			isa = XCBuildConfiguration;
			buildSettings = {
				ASSETCATALOG_COMPILER_APPICON_NAME = AppIcon;
				DEVELOPMENT_TEAM = 76WZ7VC9P2;
				INFOPLIST_FILE = "ToDo CoreData/Info.plist";
				LD_RUNPATH_SEARCH_PATHS = "$(inherited) @executable_path/Frameworks";
				PRODUCT_BUNDLE_IDENTIFIER = "Alex-Wymer.ToDo-CoreData";
				PRODUCT_NAME = "$(TARGET_NAME)";
			};
			name = Release;
		};
/* End XCBuildConfiguration section */

/* Begin XCConfigurationList section */
		FFAD35691F1FF57100F060D2 /* Build configuration list for PBXProject "ToDo CoreData" */ = {
			isa = XCConfigurationList;
			buildConfigurations = (
				FFAD35861F1FF57100F060D2 /* Debug */,
				FFAD35871F1FF57100F060D2 /* Release */,
			);
			defaultConfigurationIsVisible = 0;
			defaultConfigurationName = Release;
		};
		FFAD35881F1FF57100F060D2 /* Build configuration list for PBXNativeTarget "ToDo CoreData" */ = {
			isa = XCConfigurationList;
			buildConfigurations = (
				FFAD35891F1FF57100F060D2 /* Debug */,
				FFAD358A1F1FF57100F060D2 /* Release */,
			);
			defaultConfigurationIsVisible = 0;
		};
/* End XCConfigurationList section */

/* Begin XCVersionGroup section */
		FFAD357D1F1FF57100F060D2 /* ToDo_CoreData.xcdatamodeld */ = {
			isa = XCVersionGroup;
			children = (
				FFAD357E1F1FF57100F060D2 /* ToDo_CoreData.xcdatamodel */,
			);
			currentVersion = FFAD357E1F1FF57100F060D2 /* ToDo_CoreData.xcdatamodel */;
			path = ToDo_CoreData.xcdatamodeld;
			sourceTree = "<group>";
			versionGroupType = wrapper.xcdatamodel;
		};
/* End XCVersionGroup section */
	};
	rootObject = FFAD35661F1FF57100F060D2 /* Project object */;
}
